// !$*UTF8*$!
{
	archiveVersion = 1;
	classes = {
	};
	objectVersion = 50;
	objects = {

/* Begin PBXBuildFile section */
		F6652FAB23CAE8E500E36299 /* AppDelegate.swift in Sources */ = {isa = PBXBuildFile; fileRef = F6652FAA23CAE8E500E36299 /* AppDelegate.swift */; };
		F6652FAD23CAE8E500E36299 /* SceneDelegate.swift in Sources */ = {isa = PBXBuildFile; fileRef = F6652FAC23CAE8E500E36299 /* SceneDelegate.swift */; };
		F6652FAF23CAE8E500E36299 /* ContentView.swift in Sources */ = {isa = PBXBuildFile; fileRef = F6652FAE23CAE8E500E36299 /* ContentView.swift */; };
		F6652FB123CAE8E700E36299 /* Assets.xcassets in Resources */ = {isa = PBXBuildFile; fileRef = F6652FB023CAE8E700E36299 /* Assets.xcassets */; };
		F6652FB423CAE8E700E36299 /* Preview Assets.xcassets in Resources */ = {isa = PBXBuildFile; fileRef = F6652FB323CAE8E700E36299 /* Preview Assets.xcassets */; };
		F6652FB723CAE8E700E36299 /* LaunchScreen.storyboard in Resources */ = {isa = PBXBuildFile; fileRef = F6652FB523CAE8E700E36299 /* LaunchScreen.storyboard */; };
		F6652FBF23CAE96500E36299 /* AppData.swift in Sources */ = {isa = PBXBuildFile; fileRef = F6652FBE23CAE96500E36299 /* AppData.swift */; };
		F6652FC323CAEAB000E36299 /* SecondView.swift in Sources */ = {isa = PBXBuildFile; fileRef = F6652FC223CAEAB000E36299 /* SecondView.swift */; };
/* End PBXBuildFile section */

/* Begin PBXFileReference section */
		F6652FA723CAE8E500E36299 /* EnvironmentObject-SwiftUI.app */ = {isa = PBXFileReference; explicitFileType = wrapper.application; includeInIndex = 0; path = "EnvironmentObject-SwiftUI.app"; sourceTree = BUILT_PRODUCTS_DIR; };
		F6652FAA23CAE8E500E36299 /* AppDelegate.swift */ = {isa = PBXFileReference; lastKnownFileType = sourcecode.swift; path = AppDelegate.swift; sourceTree = "<group>"; };
		F6652FAC23CAE8E500E36299 /* SceneDelegate.swift */ = {isa = PBXFileReference; lastKnownFileType = sourcecode.swift; path = SceneDelegate.swift; sourceTree = "<group>"; };
		F6652FAE23CAE8E500E36299 /* ContentView.swift */ = {isa = PBXFileReference; lastKnownFileType = sourcecode.swift; path = ContentView.swift; sourceTree = "<group>"; };
		F6652FB023CAE8E700E36299 /* Assets.xcassets */ = {isa = PBXFileReference; lastKnownFileType = folder.assetcatalog; path = Assets.xcassets; sourceTree = "<group>"; };
		F6652FB323CAE8E700E36299 /* Preview Assets.xcassets */ = {isa = PBXFileReference; lastKnownFileType = folder.assetcatalog; path = "Preview Assets.xcassets"; sourceTree = "<group>"; };
		F6652FB623CAE8E700E36299 /* Base */ = {isa = PBXFileReference; lastKnownFileType = file.storyboard; name = Base; path = Base.lproj/LaunchScreen.storyboard; sourceTree = "<group>"; };
		F6652FB823CAE8E700E36299 /* Info.plist */ = {isa = PBXFileReference; lastKnownFileType = text.plist.xml; path = Info.plist; sourceTree = "<group>"; };
		F6652FBE23CAE96500E36299 /* AppData.swift */ = {isa = PBXFileReference; lastKnownFileType = sourcecode.swift; path = AppData.swift; sourceTree = "<group>"; };
		F6652FC223CAEAB000E36299 /* SecondView.swift */ = {isa = PBXFileReference; lastKnownFileType = sourcecode.swift; path = SecondView.swift; sourceTree = "<group>"; };
/* End PBXFileReference section */

/* Begin PBXFrameworksBuildPhase section */
		F6652FA423CAE8E500E36299 /* Frameworks */ = {
			isa = PBXFrameworksBuildPhase;
			buildActionMask = 2147483647;
			files = (
			);
			runOnlyForDeploymentPostprocessing = 0;
		};
/* End PBXFrameworksBuildPhase section */

/* Begin PBXGroup section */
		F6652F9E23CAE8E500E36299 = {
			isa = PBXGroup;
			children = (
				F6652FA923CAE8E500E36299 /* EnvironmentObject-SwiftUI */,
				F6652FA823CAE8E500E36299 /* Products */,
			);
			sourceTree = "<group>";
		};
		F6652FA823CAE8E500E36299 /* Products */ = {
			isa = PBXGroup;
			children = (
				F6652FA723CAE8E500E36299 /* EnvironmentObject-SwiftUI.app */,
			);
			name = Products;
			sourceTree = "<group>";
		};
		F6652FA923CAE8E500E36299 /* EnvironmentObject-SwiftUI */ = {
			isa = PBXGroup;
			children = (
				F6652FAA23CAE8E500E36299 /* AppDelegate.swift */,
				F6652FAC23CAE8E500E36299 /* SceneDelegate.swift */,
				F6652FAE23CAE8E500E36299 /* ContentView.swift */,
				F6652FB023CAE8E700E36299 /* Assets.xcassets */,
				F6652FB523CAE8E700E36299 /* LaunchScreen.storyboard */,
				F6652FB823CAE8E700E36299 /* Info.plist */,
				F6652FB223CAE8E700E36299 /* Preview Content */,
				F6652FBE23CAE96500E36299 /* AppData.swift */,
				F6652FC223CAEAB000E36299 /* SecondView.swift */,
			);
			path = "EnvironmentObject-SwiftUI";
			sourceTree = "<group>";
		};
		F6652FB223CAE8E700E36299 /* Preview Content */ = {
			isa = PBXGroup;
			children = (
				F6652FB323CAE8E700E36299 /* Preview Assets.xcassets */,
			);
			path = "Preview Content";
			sourceTree = "<group>";
		};
/* End PBXGroup section */

/* Begin PBXNativeTarget section */
		F6652FA623CAE8E500E36299 /* EnvironmentObject-SwiftUI */ = {
			isa = PBXNativeTarget;
			buildConfigurationList = F6652FBB23CAE8E700E36299 /* Build configuration list for PBXNativeTarget "EnvironmentObject-SwiftUI" */;
			buildPhases = (
				F6652FA323CAE8E500E36299 /* Sources */,
				F6652FA423CAE8E500E36299 /* Frameworks */,
				F6652FA523CAE8E500E36299 /* Resources */,
			);
			buildRules = (
			);
			dependencies = (
			);
			name = "EnvironmentObject-SwiftUI";
			productName = "EnvironmentObject-SwiftUI";
			productReference = F6652FA723CAE8E500E36299 /* EnvironmentObject-SwiftUI.app */;
			productType = "com.apple.product-type.application";
		};
/* End PBXNativeTarget section */

/* Begin PBXProject section */
		F6652F9F23CAE8E500E36299 /* Project object */ = {
			isa = PBXProject;
			attributes = {
				LastSwiftUpdateCheck = 1130;
				LastUpgradeCheck = 1130;
				ORGANIZATIONNAME = "Gaurav Parvadiya";
				TargetAttributes = {
					F6652FA623CAE8E500E36299 = {
						CreatedOnToolsVersion = 11.3;
					};
				};
			};
			buildConfigurationList = F6652FA223CAE8E500E36299 /* Build configuration list for PBXProject "EnvironmentObject-SwiftUI" */;
			compatibilityVersion = "Xcode 9.3";
			developmentRegion = en;
			hasScannedForEncodings = 0;
			knownRegions = (
				en,
				Base,
			);
			mainGroup = F6652F9E23CAE8E500E36299;
			productRefGroup = F6652FA823CAE8E500E36299 /* Products */;
			projectDirPath = "";
			projectRoot = "";
			targets = (
				F6652FA623CAE8E500E36299 /* EnvironmentObject-SwiftUI */,
			);
		};
/* End PBXProject section */

/* Begin PBXResourcesBuildPhase section */
		F6652FA523CAE8E500E36299 /* Resources */ = {
			isa = PBXResourcesBuildPhase;
			buildActionMask = 2147483647;
			files = (
				F6652FB723CAE8E700E36299 /* LaunchScreen.storyboard in Resources */,
				F6652FB423CAE8E700E36299 /* Preview Assets.xcassets in Resources */,
				F6652FB123CAE8E700E36299 /* Assets.xcassets in Resources */,
			);
			runOnlyForDeploymentPostprocessing = 0;
		};
/* End PBXResourcesBuildPhase section */

/* Begin PBXSourcesBuildPhase section */
		F6652FA323CAE8E500E36299 /* Sources */ = {
			isa = PBXSourcesBuildPhase;
			buildActionMask = 2147483647;
			files = (
				F6652FAB23CAE8E500E36299 /* AppDelegate.swift in Sources */,
				F6652FC323CAEAB000E36299 /* SecondView.swift in Sources */,
				F6652FAD23CAE8E500E36299 /* SceneDelegate.swift in Sources */,
				F6652FAF23CAE8E500E36299 /* ContentView.swift in Sources */,
				F6652FBF23CAE96500E36299 /* AppData.swift in Sources */,
			);
			runOnlyForDeploymentPostprocessing = 0;
		};
/* End PBXSourcesBuildPhase section */

/* Begin PBXVariantGroup section */
		F6652FB523CAE8E700E36299 /* LaunchScreen.storyboard */ = {
			isa = PBXVariantGroup;
			children = (
				F6652FB623CAE8E700E36299 /* Base */,
			);
			name = LaunchScreen.storyboard;
			sourceTree = "<group>";
		};
/* End PBXVariantGroup section */

/* Begin XCBuildConfiguration section */
		F6652FB923CAE8E700E36299 /* Debug */ = {
			isa = XCBuildConfiguration;
			buildSettings = {
				ALWAYS_SEARCH_USER_PATHS = NO;
				CLANG_ANALYZER_NONNULL = YES;
				CLANG_ANALYZER_NUMBER_OBJECT_CONVERSION = YES_AGGRESSIVE;
				CLANG_CXX_LANGUAGE_STANDARD = "gnu++14";
				CLANG_CXX_LIBRARY = "libc++";
				CLANG_ENABLE_MODULES = YES;
				CLANG_ENABLE_OBJC_ARC = YES;
				CLANG_ENABLE_OBJC_WEAK = YES;
				CLANG_WARN_BLOCK_CAPTURE_AUTORELEASING = YES;
				CLANG_WARN_BOOL_CONVERSION = YES;
				CLANG_WARN_COMMA = YES;
				CLANG_WARN_CONSTANT_CONVERSION = YES;
				CLANG_WARN_DEPRECATED_OBJC_IMPLEMENTATIONS = YES;
				CLANG_WARN_DIRECT_OBJC_ISA_USAGE = YES_ERROR;
				CLANG_WARN_DOCUMENTATION_COMMENTS = YES;
				CLANG_WARN_EMPTY_BODY = YES;
				CLANG_WARN_ENUM_CONVERSION = YES;
				CLANG_WARN_INFINITE_RECURSION = YES;
				CLANG_WARN_INT_CONVERSION = YES;
				CLANG_WARN_NON_LITERAL_NULL_CONVERSION = YES;
				CLANG_WARN_OBJC_IMPLICIT_RETAIN_SELF = YES;
				CLANG_WARN_OBJC_LITERAL_CONVERSION = YES;
				CLANG_WARN_OBJC_ROOT_CLASS = YES_ERROR;
				CLANG_WARN_RANGE_LOOP_ANALYSIS = YES;
				CLANG_WARN_STRICT_PROTOTYPES = YES;
				CLANG_WARN_SUSPICIOUS_MOVE = YES;
				CLANG_WARN_UNGUARDED_AVAILABILITY = YES_AGGRESSIVE;
				CLANG_WARN_UNREACHABLE_CODE = YES;
				CLANG_WARN__DUPLICATE_METHOD_MATCH = YES;
				COPY_PHASE_STRIP = NO;
				DEBUG_INFORMATION_FORMAT = dwarf;
				ENABLE_STRICT_OBJC_MSGSEND = YES;
				ENABLE_TESTABILITY = YES;
				GCC_C_LANGUAGE_STANDARD = gnu11;
				GCC_DYNAMIC_NO_PIC = NO;
				GCC_NO_COMMON_BLOCKS = YES;
				GCC_OPTIMIZATION_LEVEL = 0;
				GCC_PREPROCESSOR_DEFINITIONS = (
					"DEBUG=1",
					"$(inherited)",
				);
				GCC_WARN_64_TO_32_BIT_CONVERSION = YES;
				GCC_WARN_ABOUT_RETURN_TYPE = YES_ERROR;
				GCC_WARN_UNDECLARED_SELECTOR = YES;
				GCC_WARN_UNINITIALIZED_AUTOS = YES_AGGRESSIVE;
				GCC_WARN_UNUSED_FUNCTION = YES;
				GCC_WARN_UNUSED_VARIABLE = YES;
				IPHONEOS_DEPLOYMENT_TARGET = 13.2;
				MTL_ENABLE_DEBUG_INFO = INCLUDE_SOURCE;
				MTL_FAST_MATH = YES;
				ONLY_ACTIVE_ARCH = YES;
				SDKROOT = iphoneos;
				SWIFT_ACTIVE_COMPILATION_CONDITIONS = DEBUG;
				SWIFT_OPTIMIZATION_LEVEL = "-Onone";
			};
			name = Debug;
		};
		F6652FBA23CAE8E700E36299 /* Release */ = {
			isa = XCBuildConfiguration;
			buildSettings = {
				ALWAYS_SEARCH_USER_PATHS = NO;
				CLANG_ANALYZER_NONNULL = YES;
				CLANG_ANALYZER_NUMBER_OBJECT_CONVERSION = YES_AGGRESSIVE;
				CLANG_CXX_LANGUAGE_STANDARD = "gnu++14";
				CLANG_CXX_LIBRARY = "libc++";
				CLANG_ENABLE_MODULES = YES;
				CLANG_ENABLE_OBJC_ARC = YES;
				CLANG_ENABLE_OBJC_WEAK = YES;
				CLANG_WARN_BLOCK_CAPTURE_AUTORELEASING = YES;
				CLANG_WARN_BOOL_CONVERSION = YES;
				CLANG_WARN_COMMA = YES;
				CLANG_WARN_CONSTANT_CONVERSION = YES;
				CLANG_WARN_DEPRECATED_OBJC_IMPLEMENTATIONS = YES;
				CLANG_WARN_DIRECT_OBJC_ISA_USAGE = YES_ERROR;
				CLANG_WARN_DOCUMENTATION_COMMENTS = YES;
				CLANG_WARN_EMPTY_BODY = YES;
				CLANG_WARN_ENUM_CONVERSION = YES;
				CLANG_WARN_INFINITE_RECURSION = YES;
				CLANG_WARN_INT_CONVERSION = YES;
				CLANG_WARN_NON_LITERAL_NULL_CONVERSION = YES;
				CLANG_WARN_OBJC_IMPLICIT_RETAIN_SELF = YES;
				CLANG_WARN_OBJC_LITERAL_CONVERSION = YES;
				CLANG_WARN_OBJC_ROOT_CLASS = YES_ERROR;
				CLANG_WARN_RANGE_LOOP_ANALYSIS = YES;
				CLANG_WARN_STRICT_PROTOTYPES = YES;
				CLANG_WARN_SUSPICIOUS_MOVE = YES;
				CLANG_WARN_UNGUARDED_AVAILABILITY = YES_AGGRESSIVE;
				CLANG_WARN_UNREACHABLE_CODE = YES;
				CLANG_WARN__DUPLICATE_METHOD_MATCH = YES;
				COPY_PHASE_STRIP = NO;
				DEBUG_INFORMATION_FORMAT = "dwarf-with-dsym";
				ENABLE_NS_ASSERTIONS = NO;
				ENABLE_STRICT_OBJC_MSGSEND = YES;
				GCC_C_LANGUAGE_STANDARD = gnu11;
				GCC_NO_COMMON_BLOCKS = YES;
				GCC_WARN_64_TO_32_BIT_CONVERSION = YES;
				GCC_WARN_ABOUT_RETURN_TYPE = YES_ERROR;
				GCC_WARN_UNDECLARED_SELECTOR = YES;
				GCC_WARN_UNINITIALIZED_AUTOS = YES_AGGRESSIVE;
				GCC_WARN_UNUSED_FUNCTION = YES;
				GCC_WARN_UNUSED_VARIABLE = YES;
				IPHONEOS_DEPLOYMENT_TARGET = 13.2;
				MTL_ENABLE_DEBUG_INFO = NO;
				MTL_FAST_MATH = YES;
				SDKROOT = iphoneos;
				SWIFT_COMPILATION_MODE = wholemodule;
				SWIFT_OPTIMIZATION_LEVEL = "-O";
				VALIDATE_PRODUCT = YES;
			};
			name = Release;
		};
		F6652FBC23CAE8E700E36299 /* Debug */ = {
			isa = XCBuildConfiguration;
			buildSettings = {
				ASSETCATALOG_COMPILER_APPICON_NAME = AppIcon;
				CODE_SIGN_STYLE = Automatic;
				DEVELOPMENT_ASSET_PATHS = "\"EnvironmentObject-SwiftUI/Preview Content\"";
				ENABLE_PREVIEWS = YES;
				INFOPLIST_FILE = "EnvironmentObject-SwiftUI/Info.plist";
				LD_RUNPATH_SEARCH_PATHS = (
					"$(inherited)",
					"@executable_path/Frameworks",
				);
				PRODUCT_BUNDLE_IDENTIFIER = "com.tekstark.EnvironmentObject-SwiftUI";
				PRODUCT_NAME = "$(TARGET_NAME)";
				SWIFT_VERSION = 5.0;
				TARGETED_DEVICE_FAMILY = "1,2";
			};
			name = Debug;
		};
		F6652FBD23CAE8E700E36299 /* Release */ = {
			isa = XCBuildConfiguration;
			buildSettings = {
				ASSETCATALOG_COMPILER_APPICON_NAME = AppIcon;
				CODE_SIGN_STYLE = Automatic;
				DEVELOPMENT_ASSET_PATHS = "\"EnvironmentObject-SwiftUI/Preview Content\"";
				ENABLE_PREVIEWS = YES;
				INFOPLIST_FILE = "EnvironmentObject-SwiftUI/Info.plist";
				LD_RUNPATH_SEARCH_PATHS = (
					"$(inherited)",
					"@executable_path/Frameworks",
				);
				PRODUCT_BUNDLE_IDENTIFIER = "com.tekstark.EnvironmentObject-SwiftUI";
				PRODUCT_NAME = "$(TARGET_NAME)";
				SWIFT_VERSION = 5.0;
				TARGETED_DEVICE_FAMILY = "1,2";
			};
			name = Release;
		};
/* End XCBuildConfiguration section */

/* Begin XCConfigurationList section */
		F6652FA223CAE8E500E36299 /* Build configuration list for PBXProject "EnvironmentObject-SwiftUI" */ = {
			isa = XCConfigurationList;
			buildConfigurations = (
				F6652FB923CAE8E700E36299 /* Debug */,
				F6652FBA23CAE8E700E36299 /* Release */,
			);
			defaultConfigurationIsVisible = 0;
			defaultConfigurationName = Release;
		};
		F6652FBB23CAE8E700E36299 /* Build configuration list for PBXNativeTarget "EnvironmentObject-SwiftUI" */ = {
			isa = XCConfigurationList;
			buildConfigurations = (
				F6652FBC23CAE8E700E36299 /* Debug */,
				F6652FBD23CAE8E700E36299 /* Release */,
			);
			defaultConfigurationIsVisible = 0;
			defaultConfigurationName = Release;
		};
/* End XCConfigurationList section */
	};
	rootObject = F6652F9F23CAE8E500E36299 /* Project object */;
}
